
Microsoft Visual Studio Solution File, Format Version 12.00
# Visual Studio 14
VisualStudioVersion = 14.0.23107.0
MinimumVisualStudioVersion = 10.0.40219.1
Project("{FAE04EC0-301F-11D3-BF4B-00C04F79EFBC}") = "HangrySoT.Website", "HangrySoT.Website\HangrySoT.Website.csproj", "{D54E58A4-A8BE-4E38-9E2D-74866758D166}"
EndProject
Project("{FAE04EC0-301F-11D3-BF4B-00C04F79EFBC}") = "HangrySoT.Tests", "HangrySoT.Tests\HangrySoT.Tests.csproj", "{DA21C3FA-5A1F-4579-BF67-5B6516057A54}"
EndProject
Project("{FAE04EC0-301F-11D3-BF4B-00C04F79EFBC}") = "HangrySoT.ApiClient", "HangrySoT.ApiClient\HangrySoT.ApiClient.csproj", "{0471E437-F30F-499C-A6BB-E5B2A31431B0}"
EndProject
Global
	GlobalSection(SolutionConfigurationPlatforms) = preSolution
		Debug|Any CPU = Debug|Any CPU
		Release|Any CPU = Release|Any CPU
	EndGlobalSection
	GlobalSection(ProjectConfigurationPlatforms) = postSolution
		{D54E58A4-A8BE-4E38-9E2D-74866758D166}.Debug|Any CPU.ActiveCfg = Debug|Any CPU
		{D54E58A4-A8BE-4E38-9E2D-74866758D166}.Debug|Any CPU.Build.0 = Debug|Any CPU
		{D54E58A4-A8BE-4E38-9E2D-74866758D166}.Release|Any CPU.ActiveCfg = Release|Any CPU
		{D54E58A4-A8BE-4E38-9E2D-74866758D166}.Release|Any CPU.Build.0 = Release|Any CPU
		{DA21C3FA-5A1F-4579-BF67-5B6516057A54}.Debug|Any CPU.ActiveCfg = Debug|Any CPU
		{DA21C3FA-5A1F-4579-BF67-5B6516057A54}.Debug|Any CPU.Build.0 = Debug|Any CPU
		{DA21C3FA-5A1F-4579-BF67-5B6516057A54}.Release|Any CPU.ActiveCfg = Release|Any CPU
		{DA21C3FA-5A1F-4579-BF67-5B6516057A54}.Release|Any CPU.Build.0 = Release|Any CPU
		{0471E437-F30F-499C-A6BB-E5B2A31431B0}.Debug|Any CPU.ActiveCfg = Debug|Any CPU
		{0471E437-F30F-499C-A6BB-E5B2A31431B0}.Debug|Any CPU.Build.0 = Debug|Any CPU
		{0471E437-F30F-499C-A6BB-E5B2A31431B0}.Release|Any CPU.ActiveCfg = Release|Any CPU
		{0471E437-F30F-499C-A6BB-E5B2A31431B0}.Release|Any CPU.Build.0 = Release|Any CPU
	EndGlobalSection
	GlobalSection(SolutionProperties) = preSolution
		HideSolutionNode = FALSE
	EndGlobalSection
EndGlobal
